// !$*UTF8*$!
{
	archiveVersion = 1;
	classes = {
	};
	objectVersion = 56;
	objects = {

/* Begin PBXBuildFile section */
		0AA1DEB229192DD3004AB928 /* AppDelegate.swift in Sources */ = {isa = PBXBuildFile; fileRef = 0AA1DEB129192DD3004AB928 /* AppDelegate.swift */; };
		0AA1DEB429192DD3004AB928 /* SceneDelegate.swift in Sources */ = {isa = PBXBuildFile; fileRef = 0AA1DEB329192DD3004AB928 /* SceneDelegate.swift */; };
		0AA1DEB629192DD3004AB928 /* HomeController.swift in Sources */ = {isa = PBXBuildFile; fileRef = 0AA1DEB529192DD3004AB928 /* HomeController.swift */; };
		0AA1DEB929192DD3004AB928 /* Main.storyboard in Resources */ = {isa = PBXBuildFile; fileRef = 0AA1DEB729192DD3004AB928 /* Main.storyboard */; };
		0AA1DEBB29192DD4004AB928 /* Assets.xcassets in Resources */ = {isa = PBXBuildFile; fileRef = 0AA1DEBA29192DD4004AB928 /* Assets.xcassets */; };
		0AA1DEBE29192DD4004AB928 /* LaunchScreen.storyboard in Resources */ = {isa = PBXBuildFile; fileRef = 0AA1DEBC29192DD4004AB928 /* LaunchScreen.storyboard */; };
		0AA1DEC62919321F004AB928 /* Weather.swift in Sources */ = {isa = PBXBuildFile; fileRef = 0AA1DEC52919321F004AB928 /* Weather.swift */; };
		0AA1DEC8291934A1004AB928 /* NetworkController.swift in Sources */ = {isa = PBXBuildFile; fileRef = 0AA1DEC7291934A1004AB928 /* NetworkController.swift */; };
		0AA1DECA29197552004AB928 /* Forecast.swift in Sources */ = {isa = PBXBuildFile; fileRef = 0AA1DEC929197552004AB928 /* Forecast.swift */; };
/* End PBXBuildFile section */

/* Begin PBXFileReference section */
		0AA1DEAE29192DD3004AB928 /* Weather_K.app */ = {isa = PBXFileReference; explicitFileType = wrapper.application; includeInIndex = 0; path = Weather_K.app; sourceTree = BUILT_PRODUCTS_DIR; };
		0AA1DEB129192DD3004AB928 /* AppDelegate.swift */ = {isa = PBXFileReference; lastKnownFileType = sourcecode.swift; path = AppDelegate.swift; sourceTree = "<group>"; };
		0AA1DEB329192DD3004AB928 /* SceneDelegate.swift */ = {isa = PBXFileReference; lastKnownFileType = sourcecode.swift; path = SceneDelegate.swift; sourceTree = "<group>"; };
		0AA1DEB529192DD3004AB928 /* HomeController.swift */ = {isa = PBXFileReference; lastKnownFileType = sourcecode.swift; path = HomeController.swift; sourceTree = "<group>"; };
		0AA1DEB829192DD3004AB928 /* Base */ = {isa = PBXFileReference; lastKnownFileType = file.storyboard; name = Base; path = Base.lproj/Main.storyboard; sourceTree = "<group>"; };
		0AA1DEBA29192DD4004AB928 /* Assets.xcassets */ = {isa = PBXFileReference; lastKnownFileType = folder.assetcatalog; path = Assets.xcassets; sourceTree = "<group>"; };
		0AA1DEBD29192DD4004AB928 /* Base */ = {isa = PBXFileReference; lastKnownFileType = file.storyboard; name = Base; path = Base.lproj/LaunchScreen.storyboard; sourceTree = "<group>"; };
		0AA1DEBF29192DD4004AB928 /* Info.plist */ = {isa = PBXFileReference; lastKnownFileType = text.plist.xml; path = Info.plist; sourceTree = "<group>"; };
		0AA1DEC52919321F004AB928 /* Weather.swift */ = {isa = PBXFileReference; lastKnownFileType = sourcecode.swift; path = Weather.swift; sourceTree = "<group>"; };
		0AA1DEC7291934A1004AB928 /* NetworkController.swift */ = {isa = PBXFileReference; lastKnownFileType = sourcecode.swift; path = NetworkController.swift; sourceTree = "<group>"; };
		0AA1DEC929197552004AB928 /* Forecast.swift */ = {isa = PBXFileReference; lastKnownFileType = sourcecode.swift; path = Forecast.swift; sourceTree = "<group>"; };
/* End PBXFileReference section */

/* Begin PBXFrameworksBuildPhase section */
		0AA1DEAB29192DD3004AB928 /* Frameworks */ = {
			isa = PBXFrameworksBuildPhase;
			buildActionMask = 2147483647;
			files = (
			);
			runOnlyForDeploymentPostprocessing = 0;
		};
/* End PBXFrameworksBuildPhase section */

/* Begin PBXGroup section */
		0AA1DEA529192DD3004AB928 = {
			isa = PBXGroup;
			children = (
				0AA1DEB029192DD3004AB928 /* Weather_K */,
				0AA1DEAF29192DD3004AB928 /* Products */,
			);
			sourceTree = "<group>";
		};
		0AA1DEAF29192DD3004AB928 /* Products */ = {
			isa = PBXGroup;
			children = (
				0AA1DEAE29192DD3004AB928 /* Weather_K.app */,
			);
			name = Products;
			sourceTree = "<group>";
		};
		0AA1DEB029192DD3004AB928 /* Weather_K */ = {
			isa = PBXGroup;
			children = (
				0AA1DEB129192DD3004AB928 /* AppDelegate.swift */,
				0AA1DEB329192DD3004AB928 /* SceneDelegate.swift */,
				0AA1DEB529192DD3004AB928 /* HomeController.swift */,
				0AA1DEB729192DD3004AB928 /* Main.storyboard */,
				0AA1DEBA29192DD4004AB928 /* Assets.xcassets */,
				0AA1DEBC29192DD4004AB928 /* LaunchScreen.storyboard */,
				0AA1DEBF29192DD4004AB928 /* Info.plist */,
				0AA1DEC52919321F004AB928 /* Weather.swift */,
				0AA1DEC7291934A1004AB928 /* NetworkController.swift */,
				0AA1DEC929197552004AB928 /* Forecast.swift */,
			);
			path = Weather_K;
			sourceTree = "<group>";
		};
/* End PBXGroup section */

/* Begin PBXNativeTarget section */
		0AA1DEAD29192DD3004AB928 /* Weather_K */ = {
			isa = PBXNativeTarget;
			buildConfigurationList = 0AA1DEC229192DD4004AB928 /* Build configuration list for PBXNativeTarget "Weather_K" */;
			buildPhases = (
				0AA1DEAA29192DD3004AB928 /* Sources */,
				0AA1DEAB29192DD3004AB928 /* Frameworks */,
				0AA1DEAC29192DD3004AB928 /* Resources */,
			);
			buildRules = (
			);
			dependencies = (
			);
			name = Weather_K;
			productName = Weather_K;
			productReference = 0AA1DEAE29192DD3004AB928 /* Weather_K.app */;
			productType = "com.apple.product-type.application";
		};
/* End PBXNativeTarget section */

/* Begin PBXProject section */
		0AA1DEA629192DD3004AB928 /* Project object */ = {
			isa = PBXProject;
			attributes = {
				BuildIndependentTargetsInParallel = 1;
				LastSwiftUpdateCheck = 1410;
				LastUpgradeCheck = 1410;
				TargetAttributes = {
					0AA1DEAD29192DD3004AB928 = {
						CreatedOnToolsVersion = 14.1;
					};
				};
			};
			buildConfigurationList = 0AA1DEA929192DD3004AB928 /* Build configuration list for PBXProject "Weather_K" */;
			compatibilityVersion = "Xcode 14.0";
			developmentRegion = en;
			hasScannedForEncodings = 0;
			knownRegions = (
				en,
				Base,
			);
			mainGroup = 0AA1DEA529192DD3004AB928;
			productRefGroup = 0AA1DEAF29192DD3004AB928 /* Products */;
			projectDirPath = "";
			projectRoot = "";
			targets = (
				0AA1DEAD29192DD3004AB928 /* Weather_K */,
			);
		};
/* End PBXProject section */

/* Begin PBXResourcesBuildPhase section */
		0AA1DEAC29192DD3004AB928 /* Resources */ = {
			isa = PBXResourcesBuildPhase;
			buildActionMask = 2147483647;
			files = (
				0AA1DEBE29192DD4004AB928 /* LaunchScreen.storyboard in Resources */,
				0AA1DEBB29192DD4004AB928 /* Assets.xcassets in Resources */,
				0AA1DEB929192DD3004AB928 /* Main.storyboard in Resources */,
			);
			runOnlyForDeploymentPostprocessing = 0;
		};
/* End PBXResourcesBuildPhase section */

/* Begin PBXSourcesBuildPhase section */
		0AA1DEAA29192DD3004AB928 /* Sources */ = {
			isa = PBXSourcesBuildPhase;
			buildActionMask = 2147483647;
			files = (
				0AA1DEC8291934A1004AB928 /* NetworkController.swift in Sources */,
				0AA1DEC62919321F004AB928 /* Weather.swift in Sources */,
				0AA1DEB629192DD3004AB928 /* HomeController.swift in Sources */,
				0AA1DEB229192DD3004AB928 /* AppDelegate.swift in Sources */,
				0AA1DECA29197552004AB928 /* Forecast.swift in Sources */,
				0AA1DEB429192DD3004AB928 /* SceneDelegate.swift in Sources */,
			);
			runOnlyForDeploymentPostprocessing = 0;
		};
/* End PBXSourcesBuildPhase section */

/* Begin PBXVariantGroup section */
		0AA1DEB729192DD3004AB928 /* Main.storyboard */ = {
			isa = PBXVariantGroup;
			children = (
				0AA1DEB829192DD3004AB928 /* Base */,
			);
			name = Main.storyboard;
			sourceTree = "<group>";
		};
		0AA1DEBC29192DD4004AB928 /* LaunchScreen.storyboard */ = {
			isa = PBXVariantGroup;
			children = (
				0AA1DEBD29192DD4004AB928 /* Base */,
			);
			name = LaunchScreen.storyboard;
			sourceTree = "<group>";
		};
/* End PBXVariantGroup section */

/* Begin XCBuildConfiguration section */
		0AA1DEC029192DD4004AB928 /* Debug */ = {
			isa = XCBuildConfiguration;
			buildSettings = {
				ALWAYS_SEARCH_USER_PATHS = NO;
				CLANG_ANALYZER_NONNULL = YES;
				CLANG_ANALYZER_NUMBER_OBJECT_CONVERSION = YES_AGGRESSIVE;
				CLANG_CXX_LANGUAGE_STANDARD = "gnu++20";
				CLANG_ENABLE_MODULES = YES;
				CLANG_ENABLE_OBJC_ARC = YES;
				CLANG_ENABLE_OBJC_WEAK = YES;
				CLANG_WARN_BLOCK_CAPTURE_AUTORELEASING = YES;
				CLANG_WARN_BOOL_CONVERSION = YES;
				CLANG_WARN_COMMA = YES;
				CLANG_WARN_CONSTANT_CONVERSION = YES;
				CLANG_WARN_DEPRECATED_OBJC_IMPLEMENTATIONS = YES;
				CLANG_WARN_DIRECT_OBJC_ISA_USAGE = YES_ERROR;
				CLANG_WARN_DOCUMENTATION_COMMENTS = YES;
				CLANG_WARN_EMPTY_BODY = YES;
				CLANG_WARN_ENUM_CONVERSION = YES;
				CLANG_WARN_INFINITE_RECURSION = YES;
				CLANG_WARN_INT_CONVERSION = YES;
				CLANG_WARN_NON_LITERAL_NULL_CONVERSION = YES;
				CLANG_WARN_OBJC_IMPLICIT_RETAIN_SELF = YES;
				CLANG_WARN_OBJC_LITERAL_CONVERSION = YES;
				CLANG_WARN_OBJC_ROOT_CLASS = YES_ERROR;
				CLANG_WARN_QUOTED_INCLUDE_IN_FRAMEWORK_HEADER = YES;
				CLANG_WARN_RANGE_LOOP_ANALYSIS = YES;
				CLANG_WARN_STRICT_PROTOTYPES = YES;
				CLANG_WARN_SUSPICIOUS_MOVE = YES;
				CLANG_WARN_UNGUARDED_AVAILABILITY = YES_AGGRESSIVE;
				CLANG_WARN_UNREACHABLE_CODE = YES;
				CLANG_WARN__DUPLICATE_METHOD_MATCH = YES;
				COPY_PHASE_STRIP = NO;
				DEBUG_INFORMATION_FORMAT = dwarf;
				ENABLE_STRICT_OBJC_MSGSEND = YES;
				ENABLE_TESTABILITY = YES;
				GCC_C_LANGUAGE_STANDARD = gnu11;
				GCC_DYNAMIC_NO_PIC = NO;
				GCC_NO_COMMON_BLOCKS = YES;
				GCC_OPTIMIZATION_LEVEL = 0;
				GCC_PREPROCESSOR_DEFINITIONS = (
					"DEBUG=1",
					"$(inherited)",
				);
				GCC_WARN_64_TO_32_BIT_CONVERSION = YES;
				GCC_WARN_ABOUT_RETURN_TYPE = YES_ERROR;
				GCC_WARN_UNDECLARED_SELECTOR = YES;
				GCC_WARN_UNINITIALIZED_AUTOS = YES_AGGRESSIVE;
				GCC_WARN_UNUSED_FUNCTION = YES;
				GCC_WARN_UNUSED_VARIABLE = YES;
				IPHONEOS_DEPLOYMENT_TARGET = 16.1;
				MTL_ENABLE_DEBUG_INFO = INCLUDE_SOURCE;
				MTL_FAST_MATH = YES;
				ONLY_ACTIVE_ARCH = YES;
				SDKROOT = iphoneos;
				SWIFT_ACTIVE_COMPILATION_CONDITIONS = DEBUG;
				SWIFT_OPTIMIZATION_LEVEL = "-Onone";
			};
			name = Debug;
		};
		0AA1DEC129192DD4004AB928 /* Release */ = {
			isa = XCBuildConfiguration;
			buildSettings = {
				ALWAYS_SEARCH_USER_PATHS = NO;
				CLANG_ANALYZER_NONNULL = YES;
				CLANG_ANALYZER_NUMBER_OBJECT_CONVERSION = YES_AGGRESSIVE;
				CLANG_CXX_LANGUAGE_STANDARD = "gnu++20";
				CLANG_ENABLE_MODULES = YES;
				CLANG_ENABLE_OBJC_ARC = YES;
				CLANG_ENABLE_OBJC_WEAK = YES;
				CLANG_WARN_BLOCK_CAPTURE_AUTORELEASING = YES;
				CLANG_WARN_BOOL_CONVERSION = YES;
				CLANG_WARN_COMMA = YES;
				CLANG_WARN_CONSTANT_CONVERSION = YES;
				CLANG_WARN_DEPRECATED_OBJC_IMPLEMENTATIONS = YES;
				CLANG_WARN_DIRECT_OBJC_ISA_USAGE = YES_ERROR;
				CLANG_WARN_DOCUMENTATION_COMMENTS = YES;
				CLANG_WARN_EMPTY_BODY = YES;
				CLANG_WARN_ENUM_CONVERSION = YES;
				CLANG_WARN_INFINITE_RECURSION = YES;
				CLANG_WARN_INT_CONVERSION = YES;
				CLANG_WARN_NON_LITERAL_NULL_CONVERSION = YES;
				CLANG_WARN_OBJC_IMPLICIT_RETAIN_SELF = YES;
				CLANG_WARN_OBJC_LITERAL_CONVERSION = YES;
				CLANG_WARN_OBJC_ROOT_CLASS = YES_ERROR;
				CLANG_WARN_QUOTED_INCLUDE_IN_FRAMEWORK_HEADER = YES;
				CLANG_WARN_RANGE_LOOP_ANALYSIS = YES;
				CLANG_WARN_STRICT_PROTOTYPES = YES;
				CLANG_WARN_SUSPICIOUS_MOVE = YES;
				CLANG_WARN_UNGUARDED_AVAILABILITY = YES_AGGRESSIVE;
				CLANG_WARN_UNREACHABLE_CODE = YES;
				CLANG_WARN__DUPLICATE_METHOD_MATCH = YES;
				COPY_PHASE_STRIP = NO;
				DEBUG_INFORMATION_FORMAT = "dwarf-with-dsym";
				ENABLE_NS_ASSERTIONS = NO;
				ENABLE_STRICT_OBJC_MSGSEND = YES;
				GCC_C_LANGUAGE_STANDARD = gnu11;
				GCC_NO_COMMON_BLOCKS = YES;
				GCC_WARN_64_TO_32_BIT_CONVERSION = YES;
				GCC_WARN_ABOUT_RETURN_TYPE = YES_ERROR;
				GCC_WARN_UNDECLARED_SELECTOR = YES;
				GCC_WARN_UNINITIALIZED_AUTOS = YES_AGGRESSIVE;
				GCC_WARN_UNUSED_FUNCTION = YES;
				GCC_WARN_UNUSED_VARIABLE = YES;
				IPHONEOS_DEPLOYMENT_TARGET = 16.1;
				MTL_ENABLE_DEBUG_INFO = NO;
				MTL_FAST_MATH = YES;
				SDKROOT = iphoneos;
				SWIFT_COMPILATION_MODE = wholemodule;
				SWIFT_OPTIMIZATION_LEVEL = "-O";
				VALIDATE_PRODUCT = YES;
			};
			name = Release;
		};
		0AA1DEC329192DD4004AB928 /* Debug */ = {
			isa = XCBuildConfiguration;
			buildSettings = {
				ASSETCATALOG_COMPILER_APPICON_NAME = AppIcon;
				ASSETCATALOG_COMPILER_GLOBAL_ACCENT_COLOR_NAME = AccentColor;
				CODE_SIGN_STYLE = Automatic;
				CURRENT_PROJECT_VERSION = 1;
				DEVELOPMENT_TEAM = LNZ677A9U4;
				GENERATE_INFOPLIST_FILE = YES;
				INFOPLIST_FILE = Weather_K/Info.plist;
				INFOPLIST_KEY_UIApplicationSupportsIndirectInputEvents = YES;
				INFOPLIST_KEY_UILaunchStoryboardName = LaunchScreen;
				INFOPLIST_KEY_UIMainStoryboardFile = Main;
				INFOPLIST_KEY_UISupportedInterfaceOrientations_iPad = "UIInterfaceOrientationPortrait UIInterfaceOrientationPortraitUpsideDown UIInterfaceOrientationLandscapeLeft UIInterfaceOrientationLandscapeRight";
				INFOPLIST_KEY_UISupportedInterfaceOrientations_iPhone = "UIInterfaceOrientationPortrait UIInterfaceOrientationLandscapeLeft UIInterfaceOrientationLandscapeRight";
				LD_RUNPATH_SEARCH_PATHS = (
					"$(inherited)",
					"@executable_path/Frameworks",
				);
				MARKETING_VERSION = 1.0;
				PRODUCT_BUNDLE_IDENTIFIER = "kroekkittikorn.Weather-K";
				PRODUCT_NAME = "$(TARGET_NAME)";
				SWIFT_EMIT_LOC_STRINGS = YES;
				SWIFT_VERSION = 5.0;
				TARGETED_DEVICE_FAMILY = "1,2";
			};
			name = Debug;
		};
		0AA1DEC429192DD4004AB928 /* Release */ = {
			isa = XCBuildConfiguration;
			buildSettings = {
				ASSETCATALOG_COMPILER_APPICON_NAME = AppIcon;
				ASSETCATALOG_COMPILER_GLOBAL_ACCENT_COLOR_NAME = AccentColor;
				CODE_SIGN_STYLE = Automatic;
				CURRENT_PROJECT_VERSION = 1;
				DEVELOPMENT_TEAM = LNZ677A9U4;
				GENERATE_INFOPLIST_FILE = YES;
				INFOPLIST_FILE = Weather_K/Info.plist;
				INFOPLIST_KEY_UIApplicationSupportsIndirectInputEvents = YES;
				INFOPLIST_KEY_UILaunchStoryboardName = LaunchScreen;
				INFOPLIST_KEY_UIMainStoryboardFile = Main;
				INFOPLIST_KEY_UISupportedInterfaceOrientations_iPad = "UIInterfaceOrientationPortrait UIInterfaceOrientationPortraitUpsideDown UIInterfaceOrientationLandscapeLeft UIInterfaceOrientationLandscapeRight";
				INFOPLIST_KEY_UISupportedInterfaceOrientations_iPhone = "UIInterfaceOrientationPortrait UIInterfaceOrientationLandscapeLeft UIInterfaceOrientationLandscapeRight";
				LD_RUNPATH_SEARCH_PATHS = (
					"$(inherited)",
					"@executable_path/Frameworks",
				);
				MARKETING_VERSION = 1.0;
				PRODUCT_BUNDLE_IDENTIFIER = "kroekkittikorn.Weather-K";
				PRODUCT_NAME = "$(TARGET_NAME)";
				SWIFT_EMIT_LOC_STRINGS = YES;
				SWIFT_VERSION = 5.0;
				TARGETED_DEVICE_FAMILY = "1,2";
			};
			name = Release;
		};
/* End XCBuildConfiguration section */

/* Begin XCConfigurationList section */
		0AA1DEA929192DD3004AB928 /* Build configuration list for PBXProject "Weather_K" */ = {
			isa = XCConfigurationList;
			buildConfigurations = (
				0AA1DEC029192DD4004AB928 /* Debug */,
				0AA1DEC129192DD4004AB928 /* Release */,
			);
			defaultConfigurationIsVisible = 0;
			defaultConfigurationName = Release;
		};
		0AA1DEC229192DD4004AB928 /* Build configuration list for PBXNativeTarget "Weather_K" */ = {
			isa = XCConfigurationList;
			buildConfigurations = (
				0AA1DEC329192DD4004AB928 /* Debug */,
				0AA1DEC429192DD4004AB928 /* Release */,
			);
			defaultConfigurationIsVisible = 0;
			defaultConfigurationName = Release;
		};
/* End XCConfigurationList section */
	};
	rootObject = 0AA1DEA629192DD3004AB928 /* Project object */;
}
